
Microsoft Visual Studio Solution File, Format Version 12.00
# Visual Studio 15
VisualStudioVersion = 15.0.27703.2042
MinimumVisualStudioVersion = 10.0.40219.1
Project("{FAE04EC0-301F-11D3-BF4B-00C04F79EFBC}") = "WpfApp1", "WpfApp1\WpfApp1.csproj", "{6F57EBB2-8A3A-4837-81A8-225223D52439}"
EndProject
Global
	GlobalSection(SolutionConfigurationPlatforms) = preSolution
		Debug|Any CPU = Debug|Any CPU
		Release|Any CPU = Release|Any CPU
	EndGlobalSection
	GlobalSection(ProjectConfigurationPlatforms) = postSolution
		{6F57EBB2-8A3A-4837-81A8-225223D52439}.Debug|Any CPU.ActiveCfg = Debug|Any CPU
		{6F57EBB2-8A3A-4837-81A8-225223D52439}.Debug|Any CPU.Build.0 = Debug|Any CPU
		{6F57EBB2-8A3A-4837-81A8-225223D52439}.Release|Any CPU.ActiveCfg = Release|Any CPU
		{6F57EBB2-8A3A-4837-81A8-225223D52439}.Release|Any CPU.Build.0 = Release|Any CPU
	EndGlobalSection
	GlobalSection(SolutionProperties) = preSolution
		HideSolutionNode = FALSE
	EndGlobalSection
	GlobalSection(ExtensibilityGlobals) = postSolution
		SolutionGuid = {868E84E0-43F0-438E-B7D6-99C8E1C8C13B}
	EndGlobalSection
EndGlobal
